
Microsoft Visual Studio Solution File, Format Version 12.00
# Visual Studio Version 17
VisualStudioVersion = 17.2.32602.215
MinimumVisualStudioVersion = 10.0.40219.1
Project("{9A19103F-16F7-4668-BE54-9A1E7A4F7556}") = "Lab1", "Lab1\Lab1.csproj", "{ED165D05-2FCA-40B2-9AB8-75201B603F33}"
EndProject
Project("{9A19103F-16F7-4668-BE54-9A1E7A4F7556}") = "Gauss", "Gauss\Gauss.csproj", "{90EA73EB-7A26-4B86-9374-BA9A58540CE3}"
EndProject
Project("{888888A0-9F3D-457C-B088-3A5042F75D52}") = "Cond", "Cond\Cond.pyproj", "{B183EEA6-FA1E-497D-ADA7-A5C3C27F0B65}"
EndProject
Project("{2150E333-8FDC-42A3-9474-1A3956D46DE8}") = "Lab2", "Lab2", "{80AFF9C0-282A-42BB-A8E9-EC88FA514277}"
EndProject
Project("{2150E333-8FDC-42A3-9474-1A3956D46DE8}") = "Lab3", "Lab3", "{6B9ACA9B-1727-49E2-B43B-EA12C15CBF0A}"
EndProject
Project("{888888A0-9F3D-457C-B088-3A5042F75D52}") = "Lab3", "Lab3\Lab3.pyproj", "{C5FFF6B4-A6E8-43A2-86CF-868BF16FCB25}"
EndProject
Project("{9A19103F-16F7-4668-BE54-9A1E7A4F7556}") = "CubicSpline", "CubicSpline\CubicSpline.csproj", "{15C675C1-7141-4546-B51E-167D4E597A25}"
EndProject
Project("{2150E333-8FDC-42A3-9474-1A3956D46DE8}") = "Lab4", "Lab4", "{A6BD0FD8-CBA1-4716-BA91-D7AFE410C059}"
EndProject
Project("{FAE04EC0-301F-11D3-BF4B-00C04F79EFBC}") = "Simpson", "Simpson\Simpson.csproj", "{AB89EB39-E433-4FED-857F-16D43B22D924}"
EndProject
Project("{888888A0-9F3D-457C-B088-3A5042F75D52}") = "Lab4", "Lab4\Lab4.pyproj", "{857BADDE-5844-472E-BFA1-2B63F72432C3}"
EndProject
Global
	GlobalSection(SolutionConfigurationPlatforms) = preSolution
		Debug|Any CPU = Debug|Any CPU
		Release|Any CPU = Release|Any CPU
	EndGlobalSection
	GlobalSection(ProjectConfigurationPlatforms) = postSolution
		{ED165D05-2FCA-40B2-9AB8-75201B603F33}.Debug|Any CPU.ActiveCfg = Debug|Any CPU
		{ED165D05-2FCA-40B2-9AB8-75201B603F33}.Debug|Any CPU.Build.0 = Debug|Any CPU
		{ED165D05-2FCA-40B2-9AB8-75201B603F33}.Release|Any CPU.ActiveCfg = Release|Any CPU
		{ED165D05-2FCA-40B2-9AB8-75201B603F33}.Release|Any CPU.Build.0 = Release|Any CPU
		{90EA73EB-7A26-4B86-9374-BA9A58540CE3}.Debug|Any CPU.ActiveCfg = Debug|Any CPU
		{90EA73EB-7A26-4B86-9374-BA9A58540CE3}.Debug|Any CPU.Build.0 = Debug|Any CPU
		{90EA73EB-7A26-4B86-9374-BA9A58540CE3}.Release|Any CPU.ActiveCfg = Release|Any CPU
		{90EA73EB-7A26-4B86-9374-BA9A58540CE3}.Release|Any CPU.Build.0 = Release|Any CPU
		{B183EEA6-FA1E-497D-ADA7-A5C3C27F0B65}.Debug|Any CPU.ActiveCfg = Debug|Any CPU
		{B183EEA6-FA1E-497D-ADA7-A5C3C27F0B65}.Release|Any CPU.ActiveCfg = Release|Any CPU
		{C5FFF6B4-A6E8-43A2-86CF-868BF16FCB25}.Debug|Any CPU.ActiveCfg = Debug|Any CPU
		{C5FFF6B4-A6E8-43A2-86CF-868BF16FCB25}.Release|Any CPU.ActiveCfg = Release|Any CPU
		{15C675C1-7141-4546-B51E-167D4E597A25}.Debug|Any CPU.ActiveCfg = Debug|Any CPU
		{15C675C1-7141-4546-B51E-167D4E597A25}.Debug|Any CPU.Build.0 = Debug|Any CPU
		{15C675C1-7141-4546-B51E-167D4E597A25}.Release|Any CPU.ActiveCfg = Release|Any CPU
		{15C675C1-7141-4546-B51E-167D4E597A25}.Release|Any CPU.Build.0 = Release|Any CPU
		{AB89EB39-E433-4FED-857F-16D43B22D924}.Debug|Any CPU.ActiveCfg = Debug|Any CPU
		{AB89EB39-E433-4FED-857F-16D43B22D924}.Debug|Any CPU.Build.0 = Debug|Any CPU
		{AB89EB39-E433-4FED-857F-16D43B22D924}.Release|Any CPU.ActiveCfg = Release|Any CPU
		{AB89EB39-E433-4FED-857F-16D43B22D924}.Release|Any CPU.Build.0 = Release|Any CPU
		{857BADDE-5844-472E-BFA1-2B63F72432C3}.Debug|Any CPU.ActiveCfg = Debug|Any CPU
		{857BADDE-5844-472E-BFA1-2B63F72432C3}.Release|Any CPU.ActiveCfg = Release|Any CPU
	EndGlobalSection
	GlobalSection(SolutionProperties) = preSolution
		HideSolutionNode = FALSE
	EndGlobalSection
	GlobalSection(NestedProjects) = preSolution
		{90EA73EB-7A26-4B86-9374-BA9A58540CE3} = {80AFF9C0-282A-42BB-A8E9-EC88FA514277}
		{B183EEA6-FA1E-497D-ADA7-A5C3C27F0B65} = {80AFF9C0-282A-42BB-A8E9-EC88FA514277}
		{C5FFF6B4-A6E8-43A2-86CF-868BF16FCB25} = {6B9ACA9B-1727-49E2-B43B-EA12C15CBF0A}
		{15C675C1-7141-4546-B51E-167D4E597A25} = {6B9ACA9B-1727-49E2-B43B-EA12C15CBF0A}
		{AB89EB39-E433-4FED-857F-16D43B22D924} = {A6BD0FD8-CBA1-4716-BA91-D7AFE410C059}
		{857BADDE-5844-472E-BFA1-2B63F72432C3} = {A6BD0FD8-CBA1-4716-BA91-D7AFE410C059}
	EndGlobalSection
	GlobalSection(ExtensibilityGlobals) = postSolution
		SolutionGuid = {CFC7C641-A756-4968-BE81-F29D954850C6}
	EndGlobalSection
EndGlobal
